# This is a Gradle generated file for dependency locking.
# Manual edits can break the build and are not advised.
# This file is expected to be part of source control.
antlr:antlr:2.7.7=checkstyle
aopalliance:aopalliance:1.0=annotationProcessor,errorprone,testAnnotationProcessor,testFixturesAnnotationProcessor
com.fasterxml.jackson.core:jackson-annotations:2.13.5=runtimeClasspath,testFixturesRuntimeClasspath,testRuntimeClasspath
com.fasterxml.jackson.core:jackson-core:2.13.5=runtimeClasspath,testFixturesRuntimeClasspath,testRuntimeClasspath
com.fasterxml.jackson.core:jackson-databind:2.13.5=runtimeClasspath,testFixturesRuntimeClasspath,testRuntimeClasspath
com.fasterxml.jackson.datatype:jackson-datatype-jdk8:2.13.5=runtimeClasspath,testFixturesRuntimeClasspath,testRuntimeClasspath
com.fasterxml.jackson.datatype:jackson-datatype-jsr310:2.13.5=runtimeClasspath,testFixturesRuntimeClasspath,testRuntimeClasspath
com.fasterxml.jackson.module:jackson-module-parameter-names:2.13.5=runtimeClasspath,testFixturesRuntimeClasspath,testRuntimeClasspath
com.fasterxml.jackson:jackson-bom:2.13.5=runtimeClasspath,testFixturesRuntimeClasspath,testRuntimeClasspath
com.github.ben-manes.caffeine:caffeine:3.0.5=annotationProcessor,errorprone,testAnnotationProcessor,testFixturesAnnotationProcessor
com.github.kevinstern:software-and-algorithms:1.0=annotationProcessor,errorprone,testAnnotationProcessor,testFixturesAnnotationProcessor
com.github.spotbugs:spotbugs-annotations:4.7.3=spotbugs
com.github.spotbugs:spotbugs:4.7.3=spotbugs
com.google.auto.service:auto-service-annotations:1.0.1=annotationProcessor,errorprone,testAnnotationProcessor,testFixturesAnnotationProcessor
com.google.auto.value:auto-value-annotations:1.9=annotationProcessor,errorprone,testAnnotationProcessor,testFixturesAnnotationProcessor
com.google.auto:auto-common:1.2.1=annotationProcessor,errorprone,testAnnotationProcessor,testFixturesAnnotationProcessor
com.google.code.findbugs:jsr305:3.0.2=annotationProcessor,checkstyle,errorprone,spotbugs,testAnnotationProcessor,testFixturesAnnotationProcessor
com.google.code.gson:gson:2.9.1=spotbugs
com.google.errorprone:error_prone_annotation:2.22.0=annotationProcessor,errorprone,testAnnotationProcessor,testFixturesAnnotationProcessor
com.google.errorprone:error_prone_annotations:2.22.0=annotationProcessor,compileClasspath,errorprone,testAnnotationProcessor,testCompileClasspath,testFixturesAnnotationProcessor,testFixturesCompileClasspath
com.google.errorprone:error_prone_annotations:2.5.1=checkstyle
com.google.errorprone:error_prone_check_api:2.22.0=annotationProcessor,errorprone,testAnnotationProcessor,testFixturesAnnotationProcessor
com.google.errorprone:error_prone_core:2.22.0=annotationProcessor,errorprone,testAnnotationProcessor,testFixturesAnnotationProcessor
com.google.errorprone:error_prone_type_annotations:2.22.0=annotationProcessor,errorprone,testAnnotationProcessor,testFixturesAnnotationProcessor
com.google.errorprone:javac:9+181-r4173-1=errorproneJavac
com.google.guava:failureaccess:1.0.1=annotationProcessor,checkstyle,errorprone,testAnnotationProcessor,testFixturesAnnotationProcessor
com.google.guava:guava-parent:32.1.1-jre=annotationProcessor,errorprone,testAnnotationProcessor,testFixturesAnnotationProcessor
com.google.guava:guava:30.1.1-jre=checkstyle
com.google.guava:guava:32.1.1-jre=annotationProcessor,errorprone,testAnnotationProcessor,testFixturesAnnotationProcessor
com.google.guava:listenablefuture:9999.0-empty-to-avoid-conflict-with-guava=checkstyle
com.google.inject:guice:5.1.0=annotationProcessor,errorprone,testAnnotationProcessor,testFixturesAnnotationProcessor
com.google.j2objc:j2objc-annotations:1.3=checkstyle
com.google.protobuf:protobuf-java:3.19.6=annotationProcessor,errorprone,testAnnotationProcessor,testFixturesAnnotationProcessor
com.puppycrawl.tools:checkstyle:8.45.1=checkstyle
com.uber.nullaway:nullaway:0.10.14=annotationProcessor,errorprone,testAnnotationProcessor,testFixturesAnnotationProcessor
commons-beanutils:commons-beanutils:1.9.4=checkstyle
commons-codec:commons-codec:1.15=spotbugs
commons-collections:commons-collections:3.2.2=checkstyle
info.picocli:picocli:4.6.1=checkstyle
io.github.eisop:dataflow-errorprone:3.34.0-eisop1=annotationProcessor,errorprone,testAnnotationProcessor,testFixturesAnnotationProcessor
io.github.java-diff-utils:java-diff-utils:4.12=annotationProcessor,errorprone,testAnnotationProcessor,testFixturesAnnotationProcessor
io.micrometer:micrometer-core:1.9.15=runtimeClasspath,testFixturesRuntimeClasspath,testRuntimeClasspath
io.netty:netty-buffer:4.1.97.Final=runtimeClasspath,testFixturesRuntimeClasspath,testRuntimeClasspath
io.netty:netty-codec-dns:4.1.97.Final=runtimeClasspath,testFixturesRuntimeClasspath,testRuntimeClasspath
io.netty:netty-codec-http2:4.1.97.Final=runtimeClasspath,testFixturesRuntimeClasspath,testRuntimeClasspath
io.netty:netty-codec-http:4.1.97.Final=runtimeClasspath,testFixturesRuntimeClasspath,testRuntimeClasspath
io.netty:netty-codec-socks:4.1.97.Final=runtimeClasspath,testFixturesRuntimeClasspath,testRuntimeClasspath
io.netty:netty-codec:4.1.97.Final=runtimeClasspath,testFixturesRuntimeClasspath,testRuntimeClasspath
io.netty:netty-common:4.1.97.Final=runtimeClasspath,testFixturesRuntimeClasspath,testRuntimeClasspath
io.netty:netty-handler-proxy:4.1.97.Final=runtimeClasspath,testFixturesRuntimeClasspath,testRuntimeClasspath
io.netty:netty-handler:4.1.97.Final=runtimeClasspath,testFixturesRuntimeClasspath,testRuntimeClasspath
io.netty:netty-resolver-dns-classes-macos:4.1.97.Final=runtimeClasspath,testFixturesRuntimeClasspath,testRuntimeClasspath
io.netty:netty-resolver-dns-native-macos:4.1.97.Final=runtimeClasspath,testFixturesRuntimeClasspath,testRuntimeClasspath
io.netty:netty-resolver-dns:4.1.97.Final=runtimeClasspath,testFixturesRuntimeClasspath,testRuntimeClasspath
io.netty:netty-resolver:4.1.97.Final=runtimeClasspath,testFixturesRuntimeClasspath,testRuntimeClasspath
io.netty:netty-transport-classes-epoll:4.1.97.Final=runtimeClasspath,testFixturesRuntimeClasspath,testRuntimeClasspath
io.netty:netty-transport-native-epoll:4.1.97.Final=runtimeClasspath,testFixturesRuntimeClasspath,testRuntimeClasspath
io.netty:netty-transport-native-unix-common:4.1.97.Final=runtimeClasspath,testFixturesRuntimeClasspath,testRuntimeClasspath
io.netty:netty-transport:4.1.97.Final=runtimeClasspath,testFixturesRuntimeClasspath,testRuntimeClasspath
io.projectreactor.netty:reactor-netty-core:1.0.36=runtimeClasspath,testFixturesRuntimeClasspath,testRuntimeClasspath
io.projectreactor.netty:reactor-netty-http:1.0.36=runtimeClasspath,testFixturesRuntimeClasspath,testRuntimeClasspath
io.projectreactor:reactor-core:3.4.32=runtimeClasspath,testFixturesRuntimeClasspath,testRuntimeClasspath
jakarta.annotation:jakarta.annotation-api:1.3.5=runtimeClasspath,testFixturesRuntimeClasspath,testRuntimeClasspath
javax.inject:javax.inject:1=annotationProcessor,errorprone,testAnnotationProcessor,testFixturesAnnotationProcessor
jaxen:jaxen:1.2.0=spotbugs
net.bytebuddy:byte-buddy:1.12.23=testCompileClasspath,testRuntimeClasspath
net.jcip:jcip-annotations:1.0=spotbugs
net.sf.saxon:Saxon-HE:10.5=checkstyle
net.sf.saxon:Saxon-HE:11.4=spotbugs
org.antlr:antlr4-runtime:4.9.2=checkstyle
org.apache.bcel:bcel:6.5.0=spotbugs
org.apache.commons:commons-lang3:3.12.0=spotbugs
org.apache.commons:commons-text:1.10.0=spotbugs
org.apache.httpcomponents.client5:httpclient5:5.1.3=spotbugs
org.apache.httpcomponents.core5:httpcore5-h2:5.1.3=spotbugs
org.apache.httpcomponents.core5:httpcore5:5.1.3=spotbugs
org.apache.logging.log4j:log4j-api:2.17.2=compileClasspath,runtimeClasspath,testCompileClasspath,testFixturesRuntimeClasspath,testRuntimeClasspath
org.apache.logging.log4j:log4j-api:2.19.0=spotbugs
org.apache.logging.log4j:log4j-core:2.17.2=runtimeClasspath,testFixturesRuntimeClasspath,testRuntimeClasspath
org.apache.logging.log4j:log4j-core:2.19.0=spotbugs
org.apache.logging.log4j:log4j-jul:2.17.2=runtimeClasspath,testFixturesRuntimeClasspath,testRuntimeClasspath
org.apache.logging.log4j:log4j-slf4j-impl:2.17.2=runtimeClasspath,testFixturesRuntimeClasspath,testRuntimeClasspath
org.apiguardian:apiguardian-api:1.1.2=testCompileClasspath
org.assertj:assertj-core:3.24.2=testCompileClasspath,testRuntimeClasspath
org.checkerframework:checker-qual:3.33.0=annotationProcessor,errorprone,testAnnotationProcessor,testFixturesAnnotationProcessor
org.checkerframework:checker-qual:3.38.0=compileClasspath,testCompileClasspath,testFixturesCompileClasspath
org.checkerframework:checker-qual:3.8.0=checkstyle
org.checkerframework:dataflow-nullaway:3.38.0=annotationProcessor,errorprone,testAnnotationProcessor,testFixturesAnnotationProcessor
org.dom4j:dom4j:2.1.3=spotbugs
org.hdrhistogram:HdrHistogram:2.1.12=runtimeClasspath,testFixturesRuntimeClasspath,testRuntimeClasspath
org.jacoco:org.jacoco.agent:0.8.9=jacocoAgent,jacocoAnt
org.jacoco:org.jacoco.ant:0.8.9=jacocoAnt
org.jacoco:org.jacoco.core:0.8.9=jacocoAnt
org.jacoco:org.jacoco.report:0.8.9=jacocoAnt
org.javassist:javassist:3.26.0-GA=checkstyle
org.junit.jupiter:junit-jupiter-api:5.10.0=testCompileClasspath,testRuntimeClasspath
org.junit.jupiter:junit-jupiter-engine:5.10.0=testRuntimeClasspath
org.junit.jupiter:junit-jupiter-params:5.10.0=testCompileClasspath,testRuntimeClasspath
org.junit.platform:junit-platform-commons:1.10.0=testCompileClasspath,testRuntimeClasspath
org.junit.platform:junit-platform-engine:1.10.0=testRuntimeClasspath
org.junit.platform:junit-platform-launcher:1.10.0=testRuntimeClasspath
org.junit:junit-bom:5.10.0=testCompileClasspath,testRuntimeClasspath
org.junit:junit-bom:5.9.1=spotbugs
org.latencyutils:LatencyUtils:2.0.3=runtimeClasspath,testFixturesRuntimeClasspath,testRuntimeClasspath
org.openclover:clover:4.4.1=clover
org.opentest4j:opentest4j:1.3.0=testCompileClasspath,testRuntimeClasspath
org.ow2.asm:asm-analysis:9.4=spotbugs
org.ow2.asm:asm-commons:9.4=spotbugs
org.ow2.asm:asm-commons:9.5=jacocoAnt
org.ow2.asm:asm-tree:9.4=spotbugs
org.ow2.asm:asm-tree:9.5=jacocoAnt
org.ow2.asm:asm-util:9.4=spotbugs
org.ow2.asm:asm:9.4=spotbugs
org.ow2.asm:asm:9.5=jacocoAnt
org.pcollections:pcollections:3.1.4=annotationProcessor,errorprone,testAnnotationProcessor,testFixturesAnnotationProcessor
org.reactivestreams:reactive-streams:1.0.4=runtimeClasspath,testFixturesRuntimeClasspath,testRuntimeClasspath
org.reflections:reflections:0.9.12=checkstyle
org.slf4j:jul-to-slf4j:1.7.36=runtimeClasspath,testFixturesRuntimeClasspath,testRuntimeClasspath
org.slf4j:slf4j-api:1.7.36=runtimeClasspath,testFixturesRuntimeClasspath,testRuntimeClasspath
org.slf4j:slf4j-api:2.0.0=spotbugs,spotbugsSlf4j
org.slf4j:slf4j-simple:2.0.0=spotbugsSlf4j
org.springframework.boot:spring-boot-actuator-autoconfigure:2.7.16=runtimeClasspath,testFixturesRuntimeClasspath,testRuntimeClasspath
org.springframework.boot:spring-boot-actuator:2.7.16=runtimeClasspath,testFixturesRuntimeClasspath,testRuntimeClasspath
org.springframework.boot:spring-boot-autoconfigure:2.7.16=compileClasspath,runtimeClasspath,testCompileClasspath,testFixturesRuntimeClasspath,testRuntimeClasspath
org.springframework.boot:spring-boot-starter-actuator:2.7.16=runtimeClasspath,testFixturesRuntimeClasspath,testRuntimeClasspath
org.springframework.boot:spring-boot-starter-json:2.7.16=runtimeClasspath,testFixturesRuntimeClasspath,testRuntimeClasspath
org.springframework.boot:spring-boot-starter-log4j2:2.7.16=runtimeClasspath,testFixturesRuntimeClasspath,testRuntimeClasspath
org.springframework.boot:spring-boot-starter-parent:2.7.16=compileClasspath,runtimeClasspath,testCompileClasspath,testFixturesRuntimeClasspath,testRuntimeClasspath
org.springframework.boot:spring-boot-starter-reactor-netty:2.7.16=runtimeClasspath,testFixturesRuntimeClasspath,testRuntimeClasspath
org.springframework.boot:spring-boot-starter-webflux:2.7.16=runtimeClasspath,testFixturesRuntimeClasspath,testRuntimeClasspath
org.springframework.boot:spring-boot-starter:2.7.16=runtimeClasspath,testFixturesRuntimeClasspath,testRuntimeClasspath
org.springframework.boot:spring-boot-test-autoconfigure:2.7.16=testCompileClasspath,testRuntimeClasspath
org.springframework.boot:spring-boot-test:2.7.16=testCompileClasspath,testRuntimeClasspath
org.springframework.boot:spring-boot:2.7.16=compileClasspath,runtimeClasspath,testCompileClasspath,testFixturesRuntimeClasspath,testRuntimeClasspath
org.springframework:spring-aop:5.3.30=compileClasspath,runtimeClasspath,testCompileClasspath,testFixturesRuntimeClasspath,testRuntimeClasspath
org.springframework:spring-beans:5.3.30=compileClasspath,runtimeClasspath,testCompileClasspath,testFixturesRuntimeClasspath,testRuntimeClasspath
org.springframework:spring-context:5.3.30=compileClasspath,runtimeClasspath,testCompileClasspath,testFixturesRuntimeClasspath,testRuntimeClasspath
org.springframework:spring-core:5.3.30=compileClasspath,runtimeClasspath,testCompileClasspath,testFixturesRuntimeClasspath,testRuntimeClasspath
org.springframework:spring-expression:5.3.30=compileClasspath,runtimeClasspath,testCompileClasspath,testFixturesRuntimeClasspath,testRuntimeClasspath
org.springframework:spring-jcl:5.3.30=compileClasspath,runtimeClasspath,testCompileClasspath,testFixturesRuntimeClasspath,testRuntimeClasspath
org.springframework:spring-test:5.3.30=testCompileClasspath,testRuntimeClasspath
org.springframework:spring-web:5.3.30=runtimeClasspath,testFixturesRuntimeClasspath,testRuntimeClasspath
org.springframework:spring-webflux:5.3.30=runtimeClasspath,testFixturesRuntimeClasspath,testRuntimeClasspath
org.xmlresolver:xmlresolver:4.4.3=spotbugs
org.yaml:snakeyaml:1.30=runtimeClasspath,testFixturesRuntimeClasspath,testRuntimeClasspath
xml-apis:xml-apis:1.4.01=spotbugs
empty=spotbugsPlugins
