# This is a Gradle generated file for dependency locking.
# Manual edits can break the build and are not advised.
# This file is expected to be part of source control.
org.gradlex.extra-java-module-info:org.gradlex.extra-java-module-info.gradle.plugin:1.4.2=classpath
org.gradlex:extra-java-module-info:1.4.2=classpath
org.ow2.asm:asm:9.5=classpath
empty=
